// !$*UTF8*$!
{
	archiveVersion = 1;
	classes = {
	};
	objectVersion = 77;
	objects = {

/* Begin PBXBuildFile section */
		959C6FC72D36DD4D00374E0E /* GridsCore in Frameworks */ = {isa = PBXBuildFile; productRef = 959C6FC62D36DD4D00374E0E /* GridsCore */; };
/* End PBXBuildFile section */

/* Begin PBXContainerItemProxy section */
		95357B252D2087A600E4C8EC /* PBXContainerItemProxy */ = {
			isa = PBXContainerItemProxy;
			containerPortal = 95357B0B2D2087A500E4C8EC /* Project object */;
			proxyType = 1;
			remoteGlobalIDString = 95357B122D2087A500E4C8EC;
			remoteInfo = Grids;
		};
		95357B2F2D2087A600E4C8EC /* PBXContainerItemProxy */ = {
			isa = PBXContainerItemProxy;
			containerPortal = 95357B0B2D2087A500E4C8EC /* Project object */;
			proxyType = 1;
			remoteGlobalIDString = 95357B122D2087A500E4C8EC;
			remoteInfo = Grids;
		};
/* End PBXContainerItemProxy section */

/* Begin PBXCopyFilesBuildPhase section */
		959C6F532D36D9C400374E0E /* Embed Frameworks */ = {
			isa = PBXCopyFilesBuildPhase;
			buildActionMask = 2147483647;
			dstPath = "";
			dstSubfolderSpec = 10;
			files = (
			);
			name = "Embed Frameworks";
			runOnlyForDeploymentPostprocessing = 0;
		};
/* End PBXCopyFilesBuildPhase section */

/* Begin PBXFileReference section */
		95357B132D2087A500E4C8EC /* Grids.app */ = {isa = PBXFileReference; explicitFileType = wrapper.application; includeInIndex = 0; path = Grids.app; sourceTree = BUILT_PRODUCTS_DIR; };
		95357B242D2087A600E4C8EC /* GridsTests.xctest */ = {isa = PBXFileReference; explicitFileType = wrapper.cfbundle; includeInIndex = 0; path = GridsTests.xctest; sourceTree = BUILT_PRODUCTS_DIR; };
		95357B2E2D2087A600E4C8EC /* GridsUITests.xctest */ = {isa = PBXFileReference; explicitFileType = wrapper.cfbundle; includeInIndex = 0; path = GridsUITests.xctest; sourceTree = BUILT_PRODUCTS_DIR; };
/* End PBXFileReference section */

/* Begin PBXFileSystemSynchronizedBuildFileExceptionSet section */
		95357B4C2D208AB400E4C8EC /* Exceptions for "Grids" folder in "Grids" target */ = {
			isa = PBXFileSystemSynchronizedBuildFileExceptionSet;
			membershipExceptions = (
				Info.plist,
			);
			target = 95357B122D2087A500E4C8EC /* Grids */;
		};
/* End PBXFileSystemSynchronizedBuildFileExceptionSet section */

/* Begin PBXFileSystemSynchronizedRootGroup section */
		95357B152D2087A500E4C8EC /* Grids */ = {
			isa = PBXFileSystemSynchronizedRootGroup;
			exceptions = (
				95357B4C2D208AB400E4C8EC /* Exceptions for "Grids" folder in "Grids" target */,
			);
			path = Grids;
			sourceTree = "<group>";
		};
		95357B272D2087A600E4C8EC /* GridsTests */ = {
			isa = PBXFileSystemSynchronizedRootGroup;
			path = GridsTests;
			sourceTree = "<group>";
		};
		95357B312D2087A600E4C8EC /* GridsUITests */ = {
			isa = PBXFileSystemSynchronizedRootGroup;
			path = GridsUITests;
			sourceTree = "<group>";
		};
/* End PBXFileSystemSynchronizedRootGroup section */

/* Begin PBXFrameworksBuildPhase section */
		95357B102D2087A500E4C8EC /* Frameworks */ = {
			isa = PBXFrameworksBuildPhase;
			buildActionMask = 2147483647;
			files = (
				959C6FC72D36DD4D00374E0E /* GridsCore in Frameworks */,
			);
			runOnlyForDeploymentPostprocessing = 0;
		};
		95357B212D2087A600E4C8EC /* Frameworks */ = {
			isa = PBXFrameworksBuildPhase;
			buildActionMask = 2147483647;
			files = (
			);
			runOnlyForDeploymentPostprocessing = 0;
		};
		95357B2B2D2087A600E4C8EC /* Frameworks */ = {
			isa = PBXFrameworksBuildPhase;
			buildActionMask = 2147483647;
			files = (
			);
			runOnlyForDeploymentPostprocessing = 0;
		};
/* End PBXFrameworksBuildPhase section */

/* Begin PBXGroup section */
		95357B0A2D2087A500E4C8EC = {
			isa = PBXGroup;
			children = (
				95357B152D2087A500E4C8EC /* Grids */,
				95357B272D2087A600E4C8EC /* GridsTests */,
				95357B312D2087A600E4C8EC /* GridsUITests */,
				959C6FC52D36DD4D00374E0E /* Frameworks */,
				95357B142D2087A500E4C8EC /* Products */,
			);
			sourceTree = "<group>";
		};
		95357B142D2087A500E4C8EC /* Products */ = {
			isa = PBXGroup;
			children = (
				95357B132D2087A500E4C8EC /* Grids.app */,
				95357B242D2087A600E4C8EC /* GridsTests.xctest */,
				95357B2E2D2087A600E4C8EC /* GridsUITests.xctest */,
			);
			name = Products;
			sourceTree = "<group>";
		};
		959C6FC52D36DD4D00374E0E /* Frameworks */ = {
			isa = PBXGroup;
			children = (
			);
			name = Frameworks;
			sourceTree = "<group>";
		};
/* End PBXGroup section */

/* Begin PBXNativeTarget section */
		95357B122D2087A500E4C8EC /* Grids */ = {
			isa = PBXNativeTarget;
			buildConfigurationList = 95357B382D2087A600E4C8EC /* Build configuration list for PBXNativeTarget "Grids" */;
			buildPhases = (
				95357B0F2D2087A500E4C8EC /* Sources */,
				95357B102D2087A500E4C8EC /* Frameworks */,
				95357B112D2087A500E4C8EC /* Resources */,
				959C6F532D36D9C400374E0E /* Embed Frameworks */,
			);
			buildRules = (
			);
			dependencies = (
				959C6FC92D36DD5600374E0E /* PBXTargetDependency */,
			);
			fileSystemSynchronizedGroups = (
				95357B152D2087A500E4C8EC /* Grids */,
			);
			name = Grids;
			packageProductDependencies = (
				959C6FC62D36DD4D00374E0E /* GridsCore */,
			);
			productName = Grids;
			productReference = 95357B132D2087A500E4C8EC /* Grids.app */;
			productType = "com.apple.product-type.application";
		};
		95357B232D2087A600E4C8EC /* GridsTests */ = {
			isa = PBXNativeTarget;
			buildConfigurationList = 95357B3B2D2087A600E4C8EC /* Build configuration list for PBXNativeTarget "GridsTests" */;
			buildPhases = (
				95357B202D2087A600E4C8EC /* Sources */,
				95357B212D2087A600E4C8EC /* Frameworks */,
				95357B222D2087A600E4C8EC /* Resources */,
			);
			buildRules = (
			);
			dependencies = (
				95357B262D2087A600E4C8EC /* PBXTargetDependency */,
			);
			fileSystemSynchronizedGroups = (
				95357B272D2087A600E4C8EC /* GridsTests */,
			);
			name = GridsTests;
			packageProductDependencies = (
			);
			productName = GridsTests;
			productReference = 95357B242D2087A600E4C8EC /* GridsTests.xctest */;
			productType = "com.apple.product-type.bundle.unit-test";
		};
		95357B2D2D2087A600E4C8EC /* GridsUITests */ = {
			isa = PBXNativeTarget;
			buildConfigurationList = 95357B3E2D2087A600E4C8EC /* Build configuration list for PBXNativeTarget "GridsUITests" */;
			buildPhases = (
				95357B2A2D2087A600E4C8EC /* Sources */,
				95357B2B2D2087A600E4C8EC /* Frameworks */,
				95357B2C2D2087A600E4C8EC /* Resources */,
			);
			buildRules = (
			);
			dependencies = (
				95357B302D2087A600E4C8EC /* PBXTargetDependency */,
			);
			fileSystemSynchronizedGroups = (
				95357B312D2087A600E4C8EC /* GridsUITests */,
			);
			name = GridsUITests;
			packageProductDependencies = (
			);
			productName = GridsUITests;
			productReference = 95357B2E2D2087A600E4C8EC /* GridsUITests.xctest */;
			productType = "com.apple.product-type.bundle.ui-testing";
		};
/* End PBXNativeTarget section */

/* Begin PBXProject section */
		95357B0B2D2087A500E4C8EC /* Project object */ = {
			isa = PBXProject;
			attributes = {
				BuildIndependentTargetsInParallel = 1;
				LastSwiftUpdateCheck = 1620;
				LastUpgradeCheck = 1620;
				TargetAttributes = {
					95357B122D2087A500E4C8EC = {
						CreatedOnToolsVersion = 16.2;
					};
					95357B232D2087A600E4C8EC = {
						CreatedOnToolsVersion = 16.2;
						TestTargetID = 95357B122D2087A500E4C8EC;
					};
					95357B2D2D2087A600E4C8EC = {
						CreatedOnToolsVersion = 16.2;
						TestTargetID = 95357B122D2087A500E4C8EC;
					};
				};
			};
			buildConfigurationList = 95357B0E2D2087A500E4C8EC /* Build configuration list for PBXProject "Grids" */;
			developmentRegion = en;
			hasScannedForEncodings = 0;
			knownRegions = (
				en,
				Base,
			);
			mainGroup = 95357B0A2D2087A500E4C8EC;
			minimizedProjectReferenceProxies = 1;
			packageReferences = (
				959C6FC22D36DD4000374E0E /* XCLocalSwiftPackageReference "Packages/GridsCore" */,
			);
			preferredProjectObjectVersion = 77;
			productRefGroup = 95357B142D2087A500E4C8EC /* Products */;
			projectDirPath = "";
			projectRoot = "";
			targets = (
				95357B122D2087A500E4C8EC /* Grids */,
				95357B232D2087A600E4C8EC /* GridsTests */,
				95357B2D2D2087A600E4C8EC /* GridsUITests */,
			);
		};
/* End PBXProject section */

/* Begin PBXResourcesBuildPhase section */
		95357B112D2087A500E4C8EC /* Resources */ = {
			isa = PBXResourcesBuildPhase;
			buildActionMask = 2147483647;
			files = (
			);
			runOnlyForDeploymentPostprocessing = 0;
		};
		95357B222D2087A600E4C8EC /* Resources */ = {
			isa = PBXResourcesBuildPhase;
			buildActionMask = 2147483647;
			files = (
			);
			runOnlyForDeploymentPostprocessing = 0;
		};
		95357B2C2D2087A600E4C8EC /* Resources */ = {
			isa = PBXResourcesBuildPhase;
			buildActionMask = 2147483647;
			files = (
			);
			runOnlyForDeploymentPostprocessing = 0;
		};
/* End PBXResourcesBuildPhase section */

/* Begin PBXSourcesBuildPhase section */
		95357B0F2D2087A500E4C8EC /* Sources */ = {
			isa = PBXSourcesBuildPhase;
			buildActionMask = 2147483647;
			files = (
			);
			runOnlyForDeploymentPostprocessing = 0;
		};
		95357B202D2087A600E4C8EC /* Sources */ = {
			isa = PBXSourcesBuildPhase;
			buildActionMask = 2147483647;
			files = (
			);
			runOnlyForDeploymentPostprocessing = 0;
		};
		95357B2A2D2087A600E4C8EC /* Sources */ = {
			isa = PBXSourcesBuildPhase;
			buildActionMask = 2147483647;
			files = (
			);
			runOnlyForDeploymentPostprocessing = 0;
		};
/* End PBXSourcesBuildPhase section */

/* Begin PBXTargetDependency section */
		95357B262D2087A600E4C8EC /* PBXTargetDependency */ = {
			isa = PBXTargetDependency;
			target = 95357B122D2087A500E4C8EC /* Grids */;
			targetProxy = 95357B252D2087A600E4C8EC /* PBXContainerItemProxy */;
		};
		95357B302D2087A600E4C8EC /* PBXTargetDependency */ = {
			isa = PBXTargetDependency;
			target = 95357B122D2087A500E4C8EC /* Grids */;
			targetProxy = 95357B2F2D2087A600E4C8EC /* PBXContainerItemProxy */;
		};
		959C6FC92D36DD5600374E0E /* PBXTargetDependency */ = {
			isa = PBXTargetDependency;
			productRef = 959C6FC82D36DD5600374E0E /* GridsCore */;
		};
/* End PBXTargetDependency section */

/* Begin XCBuildConfiguration section */
		95357B362D2087A600E4C8EC /* Debug */ = {
			isa = XCBuildConfiguration;
			buildSettings = {
				ALWAYS_SEARCH_USER_PATHS = NO;
				ASSETCATALOG_COMPILER_GENERATE_SWIFT_ASSET_SYMBOL_EXTENSIONS = YES;
				CLANG_ANALYZER_NONNULL = YES;
				CLANG_ANALYZER_NUMBER_OBJECT_CONVERSION = YES_AGGRESSIVE;
				CLANG_CXX_LANGUAGE_STANDARD = "gnu++20";
				CLANG_ENABLE_MODULES = YES;
				CLANG_ENABLE_OBJC_ARC = YES;
				CLANG_ENABLE_OBJC_WEAK = YES;
				CLANG_WARN_BLOCK_CAPTURE_AUTORELEASING = YES;
				CLANG_WARN_BOOL_CONVERSION = YES;
				CLANG_WARN_COMMA = YES;
				CLANG_WARN_CONSTANT_CONVERSION = YES;
				CLANG_WARN_DEPRECATED_OBJC_IMPLEMENTATIONS = YES;
				CLANG_WARN_DIRECT_OBJC_ISA_USAGE = YES_ERROR;
				CLANG_WARN_DOCUMENTATION_COMMENTS = YES;
				CLANG_WARN_EMPTY_BODY = YES;
				CLANG_WARN_ENUM_CONVERSION = YES;
				CLANG_WARN_INFINITE_RECURSION = YES;
				CLANG_WARN_INT_CONVERSION = YES;
				CLANG_WARN_NON_LITERAL_NULL_CONVERSION = YES;
				CLANG_WARN_OBJC_IMPLICIT_RETAIN_SELF = YES;
				CLANG_WARN_OBJC_LITERAL_CONVERSION = YES;
				CLANG_WARN_OBJC_ROOT_CLASS = YES_ERROR;
				CLANG_WARN_QUOTED_INCLUDE_IN_FRAMEWORK_HEADER = YES;
				CLANG_WARN_RANGE_LOOP_ANALYSIS = YES;
				CLANG_WARN_STRICT_PROTOTYPES = YES;
				CLANG_WARN_SUSPICIOUS_MOVE = YES;
				CLANG_WARN_UNGUARDED_AVAILABILITY = YES_AGGRESSIVE;
				CLANG_WARN_UNREACHABLE_CODE = YES;
				CLANG_WARN__DUPLICATE_METHOD_MATCH = YES;
				COPY_PHASE_STRIP = NO;
				DEBUG_INFORMATION_FORMAT = dwarf;
				ENABLE_STRICT_OBJC_MSGSEND = YES;
				ENABLE_TESTABILITY = YES;
				ENABLE_USER_SCRIPT_SANDBOXING = YES;
				GCC_C_LANGUAGE_STANDARD = gnu17;
				GCC_DYNAMIC_NO_PIC = NO;
				GCC_NO_COMMON_BLOCKS = YES;
				GCC_OPTIMIZATION_LEVEL = 0;
				GCC_PREPROCESSOR_DEFINITIONS = (
					"DEBUG=1",
					"$(inherited)",
				);
				GCC_WARN_64_TO_32_BIT_CONVERSION = YES;
				GCC_WARN_ABOUT_RETURN_TYPE = YES_ERROR;
				GCC_WARN_UNDECLARED_SELECTOR = YES;
				GCC_WARN_UNINITIALIZED_AUTOS = YES_AGGRESSIVE;
				GCC_WARN_UNUSED_FUNCTION = YES;
				GCC_WARN_UNUSED_VARIABLE = YES;
				LOCALIZATION_PREFERS_STRING_CATALOGS = YES;
				MTL_ENABLE_DEBUG_INFO = INCLUDE_SOURCE;
				MTL_FAST_MATH = YES;
				ONLY_ACTIVE_ARCH = YES;
				SWIFT_ACTIVE_COMPILATION_CONDITIONS = "DEBUG $(inherited)";
				SWIFT_EMIT_LOC_STRINGS = YES;
				SWIFT_OPTIMIZATION_LEVEL = "-Onone";
			};
			name = Debug;
		};
		95357B372D2087A600E4C8EC /* Release */ = {
			isa = XCBuildConfiguration;
			buildSettings = {
				ALWAYS_SEARCH_USER_PATHS = NO;
				ASSETCATALOG_COMPILER_GENERATE_SWIFT_ASSET_SYMBOL_EXTENSIONS = YES;
				CLANG_ANALYZER_NONNULL = YES;
				CLANG_ANALYZER_NUMBER_OBJECT_CONVERSION = YES_AGGRESSIVE;
				CLANG_CXX_LANGUAGE_STANDARD = "gnu++20";
				CLANG_ENABLE_MODULES = YES;
				CLANG_ENABLE_OBJC_ARC = YES;
				CLANG_ENABLE_OBJC_WEAK = YES;
				CLANG_WARN_BLOCK_CAPTURE_AUTORELEASING = YES;
				CLANG_WARN_BOOL_CONVERSION = YES;
				CLANG_WARN_COMMA = YES;
				CLANG_WARN_CONSTANT_CONVERSION = YES;
				CLANG_WARN_DEPRECATED_OBJC_IMPLEMENTATIONS = YES;
				CLANG_WARN_DIRECT_OBJC_ISA_USAGE = YES_ERROR;
				CLANG_WARN_DOCUMENTATION_COMMENTS = YES;
				CLANG_WARN_EMPTY_BODY = YES;
				CLANG_WARN_ENUM_CONVERSION = YES;
				CLANG_WARN_INFINITE_RECURSION = YES;
				CLANG_WARN_INT_CONVERSION = YES;
				CLANG_WARN_NON_LITERAL_NULL_CONVERSION = YES;
				CLANG_WARN_OBJC_IMPLICIT_RETAIN_SELF = YES;
				CLANG_WARN_OBJC_LITERAL_CONVERSION = YES;
				CLANG_WARN_OBJC_ROOT_CLASS = YES_ERROR;
				CLANG_WARN_QUOTED_INCLUDE_IN_FRAMEWORK_HEADER = YES;
				CLANG_WARN_RANGE_LOOP_ANALYSIS = YES;
				CLANG_WARN_STRICT_PROTOTYPES = YES;
				CLANG_WARN_SUSPICIOUS_MOVE = YES;
				CLANG_WARN_UNGUARDED_AVAILABILITY = YES_AGGRESSIVE;
				CLANG_WARN_UNREACHABLE_CODE = YES;
				CLANG_WARN__DUPLICATE_METHOD_MATCH = YES;
				COPY_PHASE_STRIP = NO;
				DEBUG_INFORMATION_FORMAT = "dwarf-with-dsym";
				ENABLE_NS_ASSERTIONS = NO;
				ENABLE_STRICT_OBJC_MSGSEND = YES;
				ENABLE_USER_SCRIPT_SANDBOXING = YES;
				GCC_C_LANGUAGE_STANDARD = gnu17;
				GCC_NO_COMMON_BLOCKS = YES;
				GCC_WARN_64_TO_32_BIT_CONVERSION = YES;
				GCC_WARN_ABOUT_RETURN_TYPE = YES_ERROR;
				GCC_WARN_UNDECLARED_SELECTOR = YES;
				GCC_WARN_UNINITIALIZED_AUTOS = YES_AGGRESSIVE;
				GCC_WARN_UNUSED_FUNCTION = YES;
				GCC_WARN_UNUSED_VARIABLE = YES;
				LOCALIZATION_PREFERS_STRING_CATALOGS = YES;
				MTL_ENABLE_DEBUG_INFO = NO;
				MTL_FAST_MATH = YES;
				SWIFT_COMPILATION_MODE = wholemodule;
				SWIFT_EMIT_LOC_STRINGS = YES;
			};
			name = Release;
		};
		95357B392D2087A600E4C8EC /* Debug */ = {
			isa = XCBuildConfiguration;
			buildSettings = {
				ASSETCATALOG_COMPILER_APPICON_NAME = AppIcon;
				ASSETCATALOG_COMPILER_GLOBAL_ACCENT_COLOR_NAME = AccentColor;
				CODE_SIGN_ENTITLEMENTS = Grids/Grids.entitlements;
				CODE_SIGN_STYLE = Automatic;
				CURRENT_PROJECT_VERSION = 2;
				DEVELOPMENT_ASSET_PATHS = "\"Grids/Preview Content\"";
				DEVELOPMENT_TEAM = FQQXSP79X3;
				ENABLE_HARDENED_RUNTIME = YES;
				ENABLE_PREVIEWS = YES;
				GENERATE_INFOPLIST_FILE = YES;
				INFOPLIST_FILE = Grids/Info.plist;
				INFOPLIST_KEY_LSApplicationCategoryType = "public.app-category.puzzle-games";
				"INFOPLIST_KEY_UIApplicationSceneManifest_Generation[sdk=iphoneos*]" = YES;
				"INFOPLIST_KEY_UIApplicationSceneManifest_Generation[sdk=iphonesimulator*]" = YES;
				"INFOPLIST_KEY_UIApplicationSupportsIndirectInputEvents[sdk=iphoneos*]" = YES;
				"INFOPLIST_KEY_UIApplicationSupportsIndirectInputEvents[sdk=iphonesimulator*]" = YES;
				"INFOPLIST_KEY_UILaunchScreen_Generation[sdk=iphoneos*]" = YES;
				"INFOPLIST_KEY_UILaunchScreen_Generation[sdk=iphonesimulator*]" = YES;
				"INFOPLIST_KEY_UIStatusBarStyle[sdk=iphoneos*]" = UIStatusBarStyleDefault;
				"INFOPLIST_KEY_UIStatusBarStyle[sdk=iphonesimulator*]" = UIStatusBarStyleDefault;
				INFOPLIST_KEY_UISupportedInterfaceOrientations_iPad = "UIInterfaceOrientationPortrait UIInterfaceOrientationPortraitUpsideDown UIInterfaceOrientationLandscapeLeft UIInterfaceOrientationLandscapeRight";
				INFOPLIST_KEY_UISupportedInterfaceOrientations_iPhone = "UIInterfaceOrientationPortrait UIInterfaceOrientationLandscapeLeft UIInterfaceOrientationLandscapeRight";
				INFOPLIST_KEY_UISupportsDocumentBrowser = YES;
				IPHONEOS_DEPLOYMENT_TARGET = 17.0;
				LD_RUNPATH_SEARCH_PATHS = "@executable_path/Frameworks";
				"LD_RUNPATH_SEARCH_PATHS[sdk=macosx*]" = "@executable_path/../Frameworks";
				MACOSX_DEPLOYMENT_TARGET = 14.0;
				MARKETING_VERSION = 1.0;
				PRODUCT_BUNDLE_IDENTIFIER = net.marquiskurt.Grids;
				PRODUCT_NAME = "$(TARGET_NAME)";
				SDKROOT = auto;
				SUPPORTED_PLATFORMS = macosx;
				SUPPORTS_MACCATALYST = NO;
				SWIFT_EMIT_LOC_STRINGS = YES;
				SWIFT_VERSION = 5.0;
				XROS_DEPLOYMENT_TARGET = 2.2;
			};
			name = Debug;
		};
		95357B3A2D2087A600E4C8EC /* Release */ = {
			isa = XCBuildConfiguration;
			buildSettings = {
				ASSETCATALOG_COMPILER_APPICON_NAME = AppIcon;
				ASSETCATALOG_COMPILER_GLOBAL_ACCENT_COLOR_NAME = AccentColor;
				CODE_SIGN_ENTITLEMENTS = Grids/Grids.entitlements;
				CODE_SIGN_STYLE = Automatic;
				CURRENT_PROJECT_VERSION = 2;
				DEVELOPMENT_ASSET_PATHS = "\"Grids/Preview Content\"";
				DEVELOPMENT_TEAM = FQQXSP79X3;
				ENABLE_HARDENED_RUNTIME = YES;
				ENABLE_PREVIEWS = YES;
				GENERATE_INFOPLIST_FILE = YES;
				INFOPLIST_FILE = Grids/Info.plist;
				INFOPLIST_KEY_LSApplicationCategoryType = "public.app-category.puzzle-games";
				"INFOPLIST_KEY_UIApplicationSceneManifest_Generation[sdk=iphoneos*]" = YES;
				"INFOPLIST_KEY_UIApplicationSceneManifest_Generation[sdk=iphonesimulator*]" = YES;
				"INFOPLIST_KEY_UIApplicationSupportsIndirectInputEvents[sdk=iphoneos*]" = YES;
				"INFOPLIST_KEY_UIApplicationSupportsIndirectInputEvents[sdk=iphonesimulator*]" = YES;
				"INFOPLIST_KEY_UILaunchScreen_Generation[sdk=iphoneos*]" = YES;
				"INFOPLIST_KEY_UILaunchScreen_Generation[sdk=iphonesimulator*]" = YES;
				"INFOPLIST_KEY_UIStatusBarStyle[sdk=iphoneos*]" = UIStatusBarStyleDefault;
				"INFOPLIST_KEY_UIStatusBarStyle[sdk=iphonesimulator*]" = UIStatusBarStyleDefault;
				INFOPLIST_KEY_UISupportedInterfaceOrientations_iPad = "UIInterfaceOrientationPortrait UIInterfaceOrientationPortraitUpsideDown UIInterfaceOrientationLandscapeLeft UIInterfaceOrientationLandscapeRight";
				INFOPLIST_KEY_UISupportedInterfaceOrientations_iPhone = "UIInterfaceOrientationPortrait UIInterfaceOrientationLandscapeLeft UIInterfaceOrientationLandscapeRight";
				INFOPLIST_KEY_UISupportsDocumentBrowser = YES;
				IPHONEOS_DEPLOYMENT_TARGET = 17.0;
				LD_RUNPATH_SEARCH_PATHS = "@executable_path/Frameworks";
				"LD_RUNPATH_SEARCH_PATHS[sdk=macosx*]" = "@executable_path/../Frameworks";
				MACOSX_DEPLOYMENT_TARGET = 14.0;
				MARKETING_VERSION = 1.0;
				PRODUCT_BUNDLE_IDENTIFIER = net.marquiskurt.Grids;
				PRODUCT_NAME = "$(TARGET_NAME)";
				SDKROOT = auto;
				SUPPORTED_PLATFORMS = macosx;
				SUPPORTS_MACCATALYST = NO;
				SWIFT_EMIT_LOC_STRINGS = YES;
				SWIFT_VERSION = 5.0;
				XROS_DEPLOYMENT_TARGET = 2.2;
			};
			name = Release;
		};
		95357B3C2D2087A600E4C8EC /* Debug */ = {
			isa = XCBuildConfiguration;
			buildSettings = {
				BUNDLE_LOADER = "$(TEST_HOST)";
				CODE_SIGN_STYLE = Automatic;
				CURRENT_PROJECT_VERSION = 1;
				DEVELOPMENT_TEAM = FQQXSP79X3;
				GENERATE_INFOPLIST_FILE = YES;
				IPHONEOS_DEPLOYMENT_TARGET = 18.2;
				MACOSX_DEPLOYMENT_TARGET = 15.2;
				MARKETING_VERSION = 1.0;
				PRODUCT_BUNDLE_IDENTIFIER = net.marquiskurt.GridsTests;
				PRODUCT_NAME = "$(TARGET_NAME)";
				SDKROOT = auto;
				SUPPORTED_PLATFORMS = "iphoneos iphonesimulator macosx xros xrsimulator";
				SWIFT_EMIT_LOC_STRINGS = NO;
				SWIFT_VERSION = 5.0;
				TARGETED_DEVICE_FAMILY = "1,2,7";
				TEST_HOST = "$(BUILT_PRODUCTS_DIR)/Grids.app/$(BUNDLE_EXECUTABLE_FOLDER_PATH)/Grids";
				XROS_DEPLOYMENT_TARGET = 2.2;
			};
			name = Debug;
		};
		95357B3D2D2087A600E4C8EC /* Release */ = {
			isa = XCBuildConfiguration;
			buildSettings = {
				BUNDLE_LOADER = "$(TEST_HOST)";
				CODE_SIGN_STYLE = Automatic;
				CURRENT_PROJECT_VERSION = 1;
				DEVELOPMENT_TEAM = FQQXSP79X3;
				GENERATE_INFOPLIST_FILE = YES;
				IPHONEOS_DEPLOYMENT_TARGET = 18.2;
				MACOSX_DEPLOYMENT_TARGET = 15.2;
				MARKETING_VERSION = 1.0;
				PRODUCT_BUNDLE_IDENTIFIER = net.marquiskurt.GridsTests;
				PRODUCT_NAME = "$(TARGET_NAME)";
				SDKROOT = auto;
				SUPPORTED_PLATFORMS = "iphoneos iphonesimulator macosx xros xrsimulator";
				SWIFT_EMIT_LOC_STRINGS = NO;
				SWIFT_VERSION = 5.0;
				TARGETED_DEVICE_FAMILY = "1,2,7";
				TEST_HOST = "$(BUILT_PRODUCTS_DIR)/Grids.app/$(BUNDLE_EXECUTABLE_FOLDER_PATH)/Grids";
				XROS_DEPLOYMENT_TARGET = 2.2;
			};
			name = Release;
		};
		95357B3F2D2087A600E4C8EC /* Debug */ = {
			isa = XCBuildConfiguration;
			buildSettings = {
				CODE_SIGN_STYLE = Automatic;
				CURRENT_PROJECT_VERSION = 1;
				DEVELOPMENT_TEAM = FQQXSP79X3;
				GENERATE_INFOPLIST_FILE = YES;
				IPHONEOS_DEPLOYMENT_TARGET = 18.2;
				MACOSX_DEPLOYMENT_TARGET = 15.2;
				MARKETING_VERSION = 1.0;
				PRODUCT_BUNDLE_IDENTIFIER = net.marquiskurt.GridsUITests;
				PRODUCT_NAME = "$(TARGET_NAME)";
				SDKROOT = auto;
				SUPPORTED_PLATFORMS = "iphoneos iphonesimulator macosx xros xrsimulator";
				SWIFT_EMIT_LOC_STRINGS = NO;
				SWIFT_VERSION = 5.0;
				TARGETED_DEVICE_FAMILY = "1,2,7";
				TEST_TARGET_NAME = Grids;
				XROS_DEPLOYMENT_TARGET = 2.2;
			};
			name = Debug;
		};
		95357B402D2087A600E4C8EC /* Release */ = {
			isa = XCBuildConfiguration;
			buildSettings = {
				CODE_SIGN_STYLE = Automatic;
				CURRENT_PROJECT_VERSION = 1;
				DEVELOPMENT_TEAM = FQQXSP79X3;
				GENERATE_INFOPLIST_FILE = YES;
				IPHONEOS_DEPLOYMENT_TARGET = 18.2;
				MACOSX_DEPLOYMENT_TARGET = 15.2;
				MARKETING_VERSION = 1.0;
				PRODUCT_BUNDLE_IDENTIFIER = net.marquiskurt.GridsUITests;
				PRODUCT_NAME = "$(TARGET_NAME)";
				SDKROOT = auto;
				SUPPORTED_PLATFORMS = "iphoneos iphonesimulator macosx xros xrsimulator";
				SWIFT_EMIT_LOC_STRINGS = NO;
				SWIFT_VERSION = 5.0;
				TARGETED_DEVICE_FAMILY = "1,2,7";
				TEST_TARGET_NAME = Grids;
				XROS_DEPLOYMENT_TARGET = 2.2;
			};
			name = Release;
		};
/* End XCBuildConfiguration section */

/* Begin XCConfigurationList section */
		95357B0E2D2087A500E4C8EC /* Build configuration list for PBXProject "Grids" */ = {
			isa = XCConfigurationList;
			buildConfigurations = (
				95357B362D2087A600E4C8EC /* Debug */,
				95357B372D2087A600E4C8EC /* Release */,
			);
			defaultConfigurationIsVisible = 0;
			defaultConfigurationName = Release;
		};
		95357B382D2087A600E4C8EC /* Build configuration list for PBXNativeTarget "Grids" */ = {
			isa = XCConfigurationList;
			buildConfigurations = (
				95357B392D2087A600E4C8EC /* Debug */,
				95357B3A2D2087A600E4C8EC /* Release */,
			);
			defaultConfigurationIsVisible = 0;
			defaultConfigurationName = Release;
		};
		95357B3B2D2087A600E4C8EC /* Build configuration list for PBXNativeTarget "GridsTests" */ = {
			isa = XCConfigurationList;
			buildConfigurations = (
				95357B3C2D2087A600E4C8EC /* Debug */,
				95357B3D2D2087A600E4C8EC /* Release */,
			);
			defaultConfigurationIsVisible = 0;
			defaultConfigurationName = Release;
		};
		95357B3E2D2087A600E4C8EC /* Build configuration list for PBXNativeTarget "GridsUITests" */ = {
			isa = XCConfigurationList;
			buildConfigurations = (
				95357B3F2D2087A600E4C8EC /* Debug */,
				95357B402D2087A600E4C8EC /* Release */,
			);
			defaultConfigurationIsVisible = 0;
			defaultConfigurationName = Release;
		};
/* End XCConfigurationList section */

/* Begin XCLocalSwiftPackageReference section */
		959C6FC22D36DD4000374E0E /* XCLocalSwiftPackageReference "Packages/GridsCore" */ = {
			isa = XCLocalSwiftPackageReference;
			relativePath = Packages/GridsCore;
		};
/* End XCLocalSwiftPackageReference section */

/* Begin XCSwiftPackageProductDependency section */
		959C6FC62D36DD4D00374E0E /* GridsCore */ = {
			isa = XCSwiftPackageProductDependency;
			package = 959C6FC22D36DD4000374E0E /* XCLocalSwiftPackageReference "Packages/GridsCore" */;
			productName = GridsCore;
		};
		959C6FC82D36DD5600374E0E /* GridsCore */ = {
			isa = XCSwiftPackageProductDependency;
			package = 959C6FC22D36DD4000374E0E /* XCLocalSwiftPackageReference "Packages/GridsCore" */;
			productName = GridsCore;
		};
/* End XCSwiftPackageProductDependency section */
	};
	rootObject = 95357B0B2D2087A500E4C8EC /* Project object */;
}
