{
  "originHash" : "151086e6369ee7e3d0f837f81fba87e2ba39a582ee31e4e1584c12bab60878c2",
  "pins" : [
    {
      "identity" : "adwaita-swift",
      "kind" : "remoteSourceControl",
      "location" : "https://git.aparoksha.dev/aparoksha/adwaita-swift",
      "state" : {
        "branch" : "main",
        "revision" : "1418d1333c4be4b2d89e0d593ec8916d6f1abd99"
      }
    },
    {
      "identity" : "documentkit",
      "kind" : "remoteSourceControl",
      "location" : "https://source.marquiskurt.net/marquiskurt/DocumentKit",
      "state" : {
        "branch" : "main",
        "revision" : "6c2cea7dd82dbffebee1a3962c9e4c6e6ea03c33"
      }
    },
    {
      "identity" : "levenshtein-transformations",
      "kind" : "remoteSourceControl",
      "location" : "https://git.aparoksha.dev/aparoksha/levenshtein-transformations",
      "state" : {
        "branch" : "main",
        "revision" : "24f7840b9b244dd361696783c30fbc56c137e06a"
      }
    },
    {
      "identity" : "localized",
      "kind" : "remoteSourceControl",
      "location" : "https://git.aparoksha.dev/aparoksha/localized",
      "state" : {
        "branch" : "main",
        "revision" : "29d4c3fe923ef095a0be2b95cf9b31171edf918b"
      }
    },
    {
      "identity" : "meta",
      "kind" : "remoteSourceControl",
      "location" : "https://git.aparoksha.dev/aparoksha/meta",
      "state" : {
        "branch" : "main",
        "revision" : "3b2f8f926cb255ddcb8da7b21f6456d3a489340a"
      }
    },
    {
      "identity" : "meta-sqlite",
      "kind" : "remoteSourceControl",
      "location" : "https://git.aparoksha.dev/aparoksha/meta-sqlite",
      "state" : {
        "revision" : "cd48784024e43db8f1ac32572b052ed388dd9c42",
        "version" : "0.1.0"
      }
    },
    {
      "identity" : "puzzlekit",
      "kind" : "remoteSourceControl",
      "location" : "https://source.marquiskurt.net/What-the-Taiji/PuzzleKit",
      "state" : {
        "branch" : "main",
        "revision" : "ab148e7afa8725a2763e0b80373d0d41dc849c5e"
      }
    },
    {
      "identity" : "sqlite.swift",
      "kind" : "remoteSourceControl",
      "location" : "https://github.com/stephencelis/SQLite.swift",
      "state" : {
        "revision" : "392dd6058624d9f6c5b4c769d165ddd8c7293394",
        "version" : "0.15.4"
      }
    },
    {
      "identity" : "swift-toolchain-sqlite",
      "kind" : "remoteSourceControl",
      "location" : "https://github.com/swiftlang/swift-toolchain-sqlite",
      "state" : {
        "revision" : "b626d3002773b1a1304166643e7f118f724b2132",
        "version" : "1.0.4"
      }
    },
    {
      "identity" : "viewinspector",
      "kind" : "remoteSourceControl",
      "location" : "https://github.com/nalexn/ViewInspector",
      "state" : {
        "revision" : "e9a06346499a3a889165647e3f23f8a7b2609a1c",
        "version" : "0.10.3"
      }
    },
    {
      "identity" : "yams",
      "kind" : "remoteSourceControl",
      "location" : "https://github.com/jpsim/Yams",
      "state" : {
        "revision" : "3d6871d5b4a5cd519adf233fbb576e0a2af71c17",
        "version" : "5.4.0"
      }
    }
  ],
  "version" : 3
}
