{
  "originHash" : "6e23f89b28611d4c56ab9ea0a47c07b01039f5b75434f98c91354fc5366d4dd1",
  "pins" : [
    {
      "identity" : "puzzlekit",
      "kind" : "remoteSourceControl",
      "location" : "https://github.com/alicerunsonfedora/puzzlekit",
      "state" : {
        "branch" : "main",
        "revision" : "891cce5b9cdc45acc4811308250354cd0c31c378"
      }
    },
    {
      "identity" : "swiftlintplugins",
      "kind" : "remoteSourceControl",
      "location" : "https://github.com/SimplyDanny/SwiftLintPlugins",
      "state" : {
        "revision" : "7a3d77f3dd9f91d5cea138e52c20cfceabf352de",
        "version" : "0.58.2"
      }
    }
  ],
  "version" : 3
}
