{
  "originHash" : "2a5393f24c9fbddcc60c7dcbebba626e2182710695a04077711edf9de32a3189",
  "pins" : [
    {
      "identity" : "puzzlekit",
      "kind" : "remoteSourceControl",
      "location" : "https://github.com/alicerunsonfedora/puzzlekit",
      "state" : {
        "branch" : "main",
        "revision" : "9f272f2873bd4ed38d510293e58187d63399b5f1"
      }
    }
  ],
  "version" : 3
}
