{
  "originHash" : "2a5393f24c9fbddcc60c7dcbebba626e2182710695a04077711edf9de32a3189",
  "pins" : [
    {
      "identity" : "puzzlekit",
      "kind" : "remoteSourceControl",
      "location" : "https://github.com/alicerunsonfedora/puzzlekit",
      "state" : {
        "branch" : "main",
        "revision" : "706a8b369214fab8f5ba8db889aea6836fdf2413"
      }
    }
  ],
  "version" : 3
}
