{
  "originHash" : "2a5393f24c9fbddcc60c7dcbebba626e2182710695a04077711edf9de32a3189",
  "pins" : [
    {
      "identity" : "puzzlekit",
      "kind" : "remoteSourceControl",
      "location" : "https://github.com/alicerunsonfedora/puzzlekit",
      "state" : {
        "branch" : "main",
        "revision" : "e1320049f427f14252ab60550786d8db4d0e6787"
      }
    }
  ],
  "version" : 3
}
